
Microsoft Visual Studio Solution File, Format Version 11.00
# Visual Studio 2010
Project("{F184B08F-C81C-45F6-A57F-5ABD9991F28F}") = "Practice", "Practice\Practice.vbproj", "{314F0900-3433-4911-8E06-C6513A17D4CD}"
EndProject
Global
	GlobalSection(SolutionConfigurationPlatforms) = preSolution
		Debug|x86 = Debug|x86
		Release|x86 = Release|x86
	EndGlobalSection
	GlobalSection(ProjectConfigurationPlatforms) = postSolution
		{314F0900-3433-4911-8E06-C6513A17D4CD}.Debug|x86.ActiveCfg = Debug|x86
		{314F0900-3433-4911-8E06-C6513A17D4CD}.Debug|x86.Build.0 = Debug|x86
		{314F0900-3433-4911-8E06-C6513A17D4CD}.Release|x86.ActiveCfg = Release|x86
		{314F0900-3433-4911-8E06-C6513A17D4CD}.Release|x86.Build.0 = Release|x86
	EndGlobalSection
	GlobalSection(SolutionProperties) = preSolution
		HideSolutionNode = FALSE
	EndGlobalSection
EndGlobal
